
Microsoft Visual Studio Solution File, Format Version 12.00
# Visual Studio 15
VisualStudioVersion = 15.0.26730.15
MinimumVisualStudioVersion = 10.0.40219.1
Project("{FAE04EC0-301F-11D3-BF4B-00C04F79EFBC}") = "Kitbox", "Kitbox\Kitbox.csproj", "{C7D93301-5B49-4A4F-81B4-F598322C8E67}"
EndProject
Project("{FAE04EC0-301F-11D3-BF4B-00C04F79EFBC}") = "Interface", "Interface\Interface.csproj", "{8FB36BFB-445A-465D-AA3A-F0D82AA661C2}"
EndProject
Global
	GlobalSection(SolutionConfigurationPlatforms) = preSolution
		Debug|Any CPU = Debug|Any CPU
		Release|Any CPU = Release|Any CPU
	EndGlobalSection
	GlobalSection(ProjectConfigurationPlatforms) = postSolution
		{C7D93301-5B49-4A4F-81B4-F598322C8E67}.Debug|Any CPU.ActiveCfg = Debug|Any CPU
		{C7D93301-5B49-4A4F-81B4-F598322C8E67}.Debug|Any CPU.Build.0 = Debug|Any CPU
		{C7D93301-5B49-4A4F-81B4-F598322C8E67}.Release|Any CPU.ActiveCfg = Release|Any CPU
		{C7D93301-5B49-4A4F-81B4-F598322C8E67}.Release|Any CPU.Build.0 = Release|Any CPU
		{8FB36BFB-445A-465D-AA3A-F0D82AA661C2}.Debug|Any CPU.ActiveCfg = Debug|Any CPU
		{8FB36BFB-445A-465D-AA3A-F0D82AA661C2}.Debug|Any CPU.Build.0 = Debug|Any CPU
		{8FB36BFB-445A-465D-AA3A-F0D82AA661C2}.Release|Any CPU.ActiveCfg = Release|Any CPU
		{8FB36BFB-445A-465D-AA3A-F0D82AA661C2}.Release|Any CPU.Build.0 = Release|Any CPU
	EndGlobalSection
	GlobalSection(SolutionProperties) = preSolution
		HideSolutionNode = FALSE
	EndGlobalSection
	GlobalSection(ExtensibilityGlobals) = postSolution
		SolutionGuid = {164C6753-3C48-4D25-9D43-E8056CB15962}
	EndGlobalSection
EndGlobal
