
Microsoft Visual Studio Solution File, Format Version 12.00
# Visual Studio 15
VisualStudioVersion = 15.0.27004.2005
MinimumVisualStudioVersion = 10.0.40219.1
Project("{FAE04EC0-301F-11D3-BF4B-00C04F79EFBC}") = "Administrator", "WindowsFormsApp7\Administrator.csproj", "{6DB95D20-E479-4149-912E-63A442C2677A}"
EndProject
Global
	GlobalSection(SolutionConfigurationPlatforms) = preSolution
		Debug|Any CPU = Debug|Any CPU
		Release|Any CPU = Release|Any CPU
	EndGlobalSection
	GlobalSection(ProjectConfigurationPlatforms) = postSolution
		{6DB95D20-E479-4149-912E-63A442C2677A}.Debug|Any CPU.ActiveCfg = Debug|Any CPU
		{6DB95D20-E479-4149-912E-63A442C2677A}.Debug|Any CPU.Build.0 = Debug|Any CPU
		{6DB95D20-E479-4149-912E-63A442C2677A}.Release|Any CPU.ActiveCfg = Release|Any CPU
		{6DB95D20-E479-4149-912E-63A442C2677A}.Release|Any CPU.Build.0 = Release|Any CPU
	EndGlobalSection
	GlobalSection(SolutionProperties) = preSolution
		HideSolutionNode = FALSE
	EndGlobalSection
	GlobalSection(ExtensibilityGlobals) = postSolution
		SolutionGuid = {9DC7A48C-C222-4A15-AB48-B60B542A0775}
	EndGlobalSection
EndGlobal
